
Microsoft Visual Studio Solution File, Format Version 12.00
Project("{2150E333-8FDC-42A3-9474-1A3956D46DE8}") = "Intro", "Intro", "{B90D8F59-2889-4744-8BDB-EEA9B2749E2C}"
EndProject
Project("{FAE04EC0-301F-11D3-BF4B-00C04F79EFBC}") = "Exceptions", "Exceptions\Exceptions.csproj", "{D908E9B4-1E7E-4FA7-A22C-3C0A77340455}"
EndProject
Project("{2150E333-8FDC-42A3-9474-1A3956D46DE8}") = "Fp", "Fp", "{24A5BD60-0287-47BB-91F6-1FCECB028727}"
EndProject
Project("{2150E333-8FDC-42A3-9474-1A3956D46DE8}") = "Adt", "Adt", "{F0907A20-E02D-4BFE-BAE6-D37CDAB586C0}"
EndProject
Project("{FAE04EC0-301F-11D3-BF4B-00C04F79EFBC}") = "Product", "Product\Product.csproj", "{19851317-8130-471A-900A-F47C970A1780}"
EndProject
Global
	GlobalSection(SolutionConfigurationPlatforms) = preSolution
		Debug|Any CPU = Debug|Any CPU
		Release|Any CPU = Release|Any CPU
	EndGlobalSection
	GlobalSection(ProjectConfigurationPlatforms) = postSolution
		{D908E9B4-1E7E-4FA7-A22C-3C0A77340455}.Debug|Any CPU.ActiveCfg = Debug|Any CPU
		{D908E9B4-1E7E-4FA7-A22C-3C0A77340455}.Debug|Any CPU.Build.0 = Debug|Any CPU
		{D908E9B4-1E7E-4FA7-A22C-3C0A77340455}.Release|Any CPU.ActiveCfg = Release|Any CPU
		{D908E9B4-1E7E-4FA7-A22C-3C0A77340455}.Release|Any CPU.Build.0 = Release|Any CPU
		{19851317-8130-471A-900A-F47C970A1780}.Debug|Any CPU.ActiveCfg = Debug|Any CPU
		{19851317-8130-471A-900A-F47C970A1780}.Debug|Any CPU.Build.0 = Debug|Any CPU
		{19851317-8130-471A-900A-F47C970A1780}.Release|Any CPU.ActiveCfg = Release|Any CPU
		{19851317-8130-471A-900A-F47C970A1780}.Release|Any CPU.Build.0 = Release|Any CPU
	EndGlobalSection
	GlobalSection(NestedProjects) = preSolution
		{D908E9B4-1E7E-4FA7-A22C-3C0A77340455} = {B90D8F59-2889-4744-8BDB-EEA9B2749E2C}
		{F0907A20-E02D-4BFE-BAE6-D37CDAB586C0} = {24A5BD60-0287-47BB-91F6-1FCECB028727}
		{19851317-8130-471A-900A-F47C970A1780} = {F0907A20-E02D-4BFE-BAE6-D37CDAB586C0}
	EndGlobalSection
EndGlobal
